
Microsoft Visual Studio Solution File, Format Version 12.00
# Visual Studio Version 17
VisualStudioVersion = 17.8.34330.188
MinimumVisualStudioVersion = 10.0.40219.1
Project("{FAE04EC0-301F-11D3-BF4B-00C04F79EFBC}") = "praktika", "praktika\praktika.csproj", "{46A20762-D5C8-4932-830F-8161CB923859}"
EndProject
Global
	GlobalSection(SolutionConfigurationPlatforms) = preSolution
		Debug|Any CPU = Debug|Any CPU
		Release|Any CPU = Release|Any CPU
	EndGlobalSection
	GlobalSection(ProjectConfigurationPlatforms) = postSolution
		{46A20762-D5C8-4932-830F-8161CB923859}.Debug|Any CPU.ActiveCfg = Debug|Any CPU
		{46A20762-D5C8-4932-830F-8161CB923859}.Debug|Any CPU.Build.0 = Debug|Any CPU
		{46A20762-D5C8-4932-830F-8161CB923859}.Release|Any CPU.ActiveCfg = Release|Any CPU
		{46A20762-D5C8-4932-830F-8161CB923859}.Release|Any CPU.Build.0 = Release|Any CPU
	EndGlobalSection
	GlobalSection(SolutionProperties) = preSolution
		HideSolutionNode = FALSE
	EndGlobalSection
	GlobalSection(ExtensibilityGlobals) = postSolution
		SolutionGuid = {63847B80-83CA-43E2-A117-A423E07F07A7}
	EndGlobalSection
EndGlobal
