
Microsoft Visual Studio Solution File, Format Version 12.00
# Visual Studio Version 17
VisualStudioVersion = 17.8.34330.188
MinimumVisualStudioVersion = 10.0.40219.1
Project("{FAE04EC0-301F-11D3-BF4B-00C04F79EFBC}") = "task1", "task1\task1.csproj", "{A94E64D5-784A-459C-B8AC-3690CF3AB794}"
EndProject
Project("{FAE04EC0-301F-11D3-BF4B-00C04F79EFBC}") = "task2", "task2\task2.csproj", "{FB78F229-D836-4BA3-8BF9-5B9F2E3EB8CB}"
EndProject
Project("{FAE04EC0-301F-11D3-BF4B-00C04F79EFBC}") = "task3", "task3\task3.csproj", "{F902D73D-CB1E-4AA8-BEE3-20E26F15E48A}"
EndProject
Project("{FAE04EC0-301F-11D3-BF4B-00C04F79EFBC}") = "task4", "task4\task4.csproj", "{FA85E678-135D-4A7B-A88C-51FCE746E4F1}"
EndProject
Project("{FAE04EC0-301F-11D3-BF4B-00C04F79EFBC}") = "task5", "task5\task5.csproj", "{05415372-C2B5-4C68-A556-59C613EEED8D}"
EndProject
Project("{FAE04EC0-301F-11D3-BF4B-00C04F79EFBC}") = "task6", "task6\task6.csproj", "{AD0D5842-E94D-4EBD-B51C-EA97987F89FA}"
EndProject
Project("{FAE04EC0-301F-11D3-BF4B-00C04F79EFBC}") = "task7", "task7\task7.csproj", "{DA2F4869-1DC6-46DF-BEFE-8E6AE628102E}"
EndProject
Project("{FAE04EC0-301F-11D3-BF4B-00C04F79EFBC}") = "task8", "task8\task8.csproj", "{A91EDA35-A994-4D5D-848F-D2A9A6FE4C59}"
EndProject
Project("{FAE04EC0-301F-11D3-BF4B-00C04F79EFBC}") = "task9", "task9\task9.csproj", "{3FD4FA73-8AEA-4B1D-92CC-7B53C2A66791}"
EndProject
Project("{FAE04EC0-301F-11D3-BF4B-00C04F79EFBC}") = "task10", "task10\task10.csproj", "{6684FA93-4C9C-4AD2-97BA-5A29676A3CA5}"
EndProject
Project("{FAE04EC0-301F-11D3-BF4B-00C04F79EFBC}") = "task11", "task11\task11.csproj", "{353C4F23-0BC2-441E-9894-3B068CB83ED0}"
EndProject
Project("{FAE04EC0-301F-11D3-BF4B-00C04F79EFBC}") = "task12", "task12\task12.csproj", "{0E41F055-590F-4D39-AC20-A0AA2CA17A3D}"
EndProject
Project("{FAE04EC0-301F-11D3-BF4B-00C04F79EFBC}") = "task13", "task13\task13.csproj", "{A37A3559-23C9-45D8-8D25-A21515F1A0AD}"
EndProject
Project("{FAE04EC0-301F-11D3-BF4B-00C04F79EFBC}") = "task14", "task14\task14.csproj", "{FE319A23-3FC0-453F-A258-64B18D3B180A}"
EndProject
Project("{FAE04EC0-301F-11D3-BF4B-00C04F79EFBC}") = "task15", "task15\task15.csproj", "{0986691A-D29C-40D3-9C55-12E25B520185}"
EndProject
Project("{FAE04EC0-301F-11D3-BF4B-00C04F79EFBC}") = "task16", "task16\task16.csproj", "{93170FBC-B7B8-446B-9014-8358D795E95B}"
EndProject
Global
	GlobalSection(SolutionConfigurationPlatforms) = preSolution
		Debug|Any CPU = Debug|Any CPU
		Release|Any CPU = Release|Any CPU
	EndGlobalSection
	GlobalSection(ProjectConfigurationPlatforms) = postSolution
		{A94E64D5-784A-459C-B8AC-3690CF3AB794}.Debug|Any CPU.ActiveCfg = Debug|Any CPU
		{A94E64D5-784A-459C-B8AC-3690CF3AB794}.Debug|Any CPU.Build.0 = Debug|Any CPU
		{A94E64D5-784A-459C-B8AC-3690CF3AB794}.Release|Any CPU.ActiveCfg = Release|Any CPU
		{A94E64D5-784A-459C-B8AC-3690CF3AB794}.Release|Any CPU.Build.0 = Release|Any CPU
		{FB78F229-D836-4BA3-8BF9-5B9F2E3EB8CB}.Debug|Any CPU.ActiveCfg = Debug|Any CPU
		{FB78F229-D836-4BA3-8BF9-5B9F2E3EB8CB}.Debug|Any CPU.Build.0 = Debug|Any CPU
		{FB78F229-D836-4BA3-8BF9-5B9F2E3EB8CB}.Release|Any CPU.ActiveCfg = Release|Any CPU
		{FB78F229-D836-4BA3-8BF9-5B9F2E3EB8CB}.Release|Any CPU.Build.0 = Release|Any CPU
		{F902D73D-CB1E-4AA8-BEE3-20E26F15E48A}.Debug|Any CPU.ActiveCfg = Debug|Any CPU
		{F902D73D-CB1E-4AA8-BEE3-20E26F15E48A}.Debug|Any CPU.Build.0 = Debug|Any CPU
		{F902D73D-CB1E-4AA8-BEE3-20E26F15E48A}.Release|Any CPU.ActiveCfg = Release|Any CPU
		{F902D73D-CB1E-4AA8-BEE3-20E26F15E48A}.Release|Any CPU.Build.0 = Release|Any CPU
		{FA85E678-135D-4A7B-A88C-51FCE746E4F1}.Debug|Any CPU.ActiveCfg = Debug|Any CPU
		{FA85E678-135D-4A7B-A88C-51FCE746E4F1}.Debug|Any CPU.Build.0 = Debug|Any CPU
		{FA85E678-135D-4A7B-A88C-51FCE746E4F1}.Release|Any CPU.ActiveCfg = Release|Any CPU
		{FA85E678-135D-4A7B-A88C-51FCE746E4F1}.Release|Any CPU.Build.0 = Release|Any CPU
		{05415372-C2B5-4C68-A556-59C613EEED8D}.Debug|Any CPU.ActiveCfg = Debug|Any CPU
		{05415372-C2B5-4C68-A556-59C613EEED8D}.Debug|Any CPU.Build.0 = Debug|Any CPU
		{05415372-C2B5-4C68-A556-59C613EEED8D}.Release|Any CPU.ActiveCfg = Release|Any CPU
		{05415372-C2B5-4C68-A556-59C613EEED8D}.Release|Any CPU.Build.0 = Release|Any CPU
		{AD0D5842-E94D-4EBD-B51C-EA97987F89FA}.Debug|Any CPU.ActiveCfg = Debug|Any CPU
		{AD0D5842-E94D-4EBD-B51C-EA97987F89FA}.Debug|Any CPU.Build.0 = Debug|Any CPU
		{AD0D5842-E94D-4EBD-B51C-EA97987F89FA}.Release|Any CPU.ActiveCfg = Release|Any CPU
		{AD0D5842-E94D-4EBD-B51C-EA97987F89FA}.Release|Any CPU.Build.0 = Release|Any CPU
		{DA2F4869-1DC6-46DF-BEFE-8E6AE628102E}.Debug|Any CPU.ActiveCfg = Debug|Any CPU
		{DA2F4869-1DC6-46DF-BEFE-8E6AE628102E}.Debug|Any CPU.Build.0 = Debug|Any CPU
		{DA2F4869-1DC6-46DF-BEFE-8E6AE628102E}.Release|Any CPU.ActiveCfg = Release|Any CPU
		{DA2F4869-1DC6-46DF-BEFE-8E6AE628102E}.Release|Any CPU.Build.0 = Release|Any CPU
		{A91EDA35-A994-4D5D-848F-D2A9A6FE4C59}.Debug|Any CPU.ActiveCfg = Debug|Any CPU
		{A91EDA35-A994-4D5D-848F-D2A9A6FE4C59}.Debug|Any CPU.Build.0 = Debug|Any CPU
		{A91EDA35-A994-4D5D-848F-D2A9A6FE4C59}.Release|Any CPU.ActiveCfg = Release|Any CPU
		{A91EDA35-A994-4D5D-848F-D2A9A6FE4C59}.Release|Any CPU.Build.0 = Release|Any CPU
		{3FD4FA73-8AEA-4B1D-92CC-7B53C2A66791}.Debug|Any CPU.ActiveCfg = Debug|Any CPU
		{3FD4FA73-8AEA-4B1D-92CC-7B53C2A66791}.Debug|Any CPU.Build.0 = Debug|Any CPU
		{3FD4FA73-8AEA-4B1D-92CC-7B53C2A66791}.Release|Any CPU.ActiveCfg = Release|Any CPU
		{3FD4FA73-8AEA-4B1D-92CC-7B53C2A66791}.Release|Any CPU.Build.0 = Release|Any CPU
		{6684FA93-4C9C-4AD2-97BA-5A29676A3CA5}.Debug|Any CPU.ActiveCfg = Debug|Any CPU
		{6684FA93-4C9C-4AD2-97BA-5A29676A3CA5}.Debug|Any CPU.Build.0 = Debug|Any CPU
		{6684FA93-4C9C-4AD2-97BA-5A29676A3CA5}.Release|Any CPU.ActiveCfg = Release|Any CPU
		{6684FA93-4C9C-4AD2-97BA-5A29676A3CA5}.Release|Any CPU.Build.0 = Release|Any CPU
		{353C4F23-0BC2-441E-9894-3B068CB83ED0}.Debug|Any CPU.ActiveCfg = Debug|Any CPU
		{353C4F23-0BC2-441E-9894-3B068CB83ED0}.Debug|Any CPU.Build.0 = Debug|Any CPU
		{353C4F23-0BC2-441E-9894-3B068CB83ED0}.Release|Any CPU.ActiveCfg = Release|Any CPU
		{353C4F23-0BC2-441E-9894-3B068CB83ED0}.Release|Any CPU.Build.0 = Release|Any CPU
		{0E41F055-590F-4D39-AC20-A0AA2CA17A3D}.Debug|Any CPU.ActiveCfg = Debug|Any CPU
		{0E41F055-590F-4D39-AC20-A0AA2CA17A3D}.Debug|Any CPU.Build.0 = Debug|Any CPU
		{0E41F055-590F-4D39-AC20-A0AA2CA17A3D}.Release|Any CPU.ActiveCfg = Release|Any CPU
		{0E41F055-590F-4D39-AC20-A0AA2CA17A3D}.Release|Any CPU.Build.0 = Release|Any CPU
		{A37A3559-23C9-45D8-8D25-A21515F1A0AD}.Debug|Any CPU.ActiveCfg = Debug|Any CPU
		{A37A3559-23C9-45D8-8D25-A21515F1A0AD}.Debug|Any CPU.Build.0 = Debug|Any CPU
		{A37A3559-23C9-45D8-8D25-A21515F1A0AD}.Release|Any CPU.ActiveCfg = Release|Any CPU
		{A37A3559-23C9-45D8-8D25-A21515F1A0AD}.Release|Any CPU.Build.0 = Release|Any CPU
		{FE319A23-3FC0-453F-A258-64B18D3B180A}.Debug|Any CPU.ActiveCfg = Debug|Any CPU
		{FE319A23-3FC0-453F-A258-64B18D3B180A}.Debug|Any CPU.Build.0 = Debug|Any CPU
		{FE319A23-3FC0-453F-A258-64B18D3B180A}.Release|Any CPU.ActiveCfg = Release|Any CPU
		{FE319A23-3FC0-453F-A258-64B18D3B180A}.Release|Any CPU.Build.0 = Release|Any CPU
		{0986691A-D29C-40D3-9C55-12E25B520185}.Debug|Any CPU.ActiveCfg = Debug|Any CPU
		{0986691A-D29C-40D3-9C55-12E25B520185}.Debug|Any CPU.Build.0 = Debug|Any CPU
		{0986691A-D29C-40D3-9C55-12E25B520185}.Release|Any CPU.ActiveCfg = Release|Any CPU
		{0986691A-D29C-40D3-9C55-12E25B520185}.Release|Any CPU.Build.0 = Release|Any CPU
		{93170FBC-B7B8-446B-9014-8358D795E95B}.Debug|Any CPU.ActiveCfg = Debug|Any CPU
		{93170FBC-B7B8-446B-9014-8358D795E95B}.Debug|Any CPU.Build.0 = Debug|Any CPU
		{93170FBC-B7B8-446B-9014-8358D795E95B}.Release|Any CPU.ActiveCfg = Release|Any CPU
		{93170FBC-B7B8-446B-9014-8358D795E95B}.Release|Any CPU.Build.0 = Release|Any CPU
	EndGlobalSection
	GlobalSection(SolutionProperties) = preSolution
		HideSolutionNode = FALSE
	EndGlobalSection
	GlobalSection(ExtensibilityGlobals) = postSolution
		SolutionGuid = {36835424-B141-4C48-A8D6-29F847FD2726}
	EndGlobalSection
EndGlobal
