
Microsoft Visual Studio Solution File, Format Version 12.00
# Visual Studio Version 17
VisualStudioVersion = 17.8.34330.188
MinimumVisualStudioVersion = 10.0.40219.1
Project("{930C7802-8A8C-48F9-8165-68863BCCD9DD}") = "SetupProject", "SetupProject\SetupProject.wixproj", "{8600B7C7-9703-4751-AEC8-09AF7B4EEF50}"
EndProject
Global
	GlobalSection(SolutionConfigurationPlatforms) = preSolution
		Debug|x86 = Debug|x86
		Release|x86 = Release|x86
	EndGlobalSection
	GlobalSection(ProjectConfigurationPlatforms) = postSolution
		{8600B7C7-9703-4751-AEC8-09AF7B4EEF50}.Debug|x86.ActiveCfg = Debug|x86
		{8600B7C7-9703-4751-AEC8-09AF7B4EEF50}.Debug|x86.Build.0 = Debug|x86
		{8600B7C7-9703-4751-AEC8-09AF7B4EEF50}.Release|x86.ActiveCfg = Release|x86
		{8600B7C7-9703-4751-AEC8-09AF7B4EEF50}.Release|x86.Build.0 = Release|x86
	EndGlobalSection
	GlobalSection(SolutionProperties) = preSolution
		HideSolutionNode = FALSE
	EndGlobalSection
	GlobalSection(ExtensibilityGlobals) = postSolution
		SolutionGuid = {EA27A338-BD99-48B5-860A-C9BBA5AAB4F9}
	EndGlobalSection
EndGlobal
