
Microsoft Visual Studio Solution File, Format Version 12.00
# Visual Studio Version 17
VisualStudioVersion = 17.8.34330.188
MinimumVisualStudioVersion = 10.0.40219.1
Project("{FAE04EC0-301F-11D3-BF4B-00C04F79EFBC}") = "WinFormsApp1", "WinFormsApp1\WinFormsApp1.csproj", "{9DF448C6-CA3C-4BEE-9C71-EAE43497098B}"
EndProject
Global
	GlobalSection(SolutionConfigurationPlatforms) = preSolution
		Debug|Any CPU = Debug|Any CPU
		Release|Any CPU = Release|Any CPU
	EndGlobalSection
	GlobalSection(ProjectConfigurationPlatforms) = postSolution
		{9DF448C6-CA3C-4BEE-9C71-EAE43497098B}.Debug|Any CPU.ActiveCfg = Debug|Any CPU
		{9DF448C6-CA3C-4BEE-9C71-EAE43497098B}.Debug|Any CPU.Build.0 = Debug|Any CPU
		{9DF448C6-CA3C-4BEE-9C71-EAE43497098B}.Release|Any CPU.ActiveCfg = Release|Any CPU
		{9DF448C6-CA3C-4BEE-9C71-EAE43497098B}.Release|Any CPU.Build.0 = Release|Any CPU
	EndGlobalSection
	GlobalSection(SolutionProperties) = preSolution
		HideSolutionNode = FALSE
	EndGlobalSection
	GlobalSection(ExtensibilityGlobals) = postSolution
		SolutionGuid = {12F8040C-DE92-4B62-8732-66B465C8B15A}
	EndGlobalSection
EndGlobal
