
Microsoft Visual Studio Solution File, Format Version 12.00
# Visual Studio Version 17
VisualStudioVersion = 17.8.34330.188
MinimumVisualStudioVersion = 10.0.40219.1
Project("{FAE04EC0-301F-11D3-BF4B-00C04F79EFBC}") = "task1", "task1\task1.csproj", "{D22127AE-DB16-407F-A19E-D91A2D3CA50A}"
EndProject
Project("{FAE04EC0-301F-11D3-BF4B-00C04F79EFBC}") = "task2", "task2\task2.csproj", "{7A0DA7A4-FFBF-4A6D-83D3-76F34BF05F2B}"
EndProject
Project("{FAE04EC0-301F-11D3-BF4B-00C04F79EFBC}") = "task3", "task3\task3.csproj", "{B9D0981E-1A9E-444B-9D1B-76F4A83E7690}"
EndProject
Global
	GlobalSection(SolutionConfigurationPlatforms) = preSolution
		Debug|Any CPU = Debug|Any CPU
		Release|Any CPU = Release|Any CPU
	EndGlobalSection
	GlobalSection(ProjectConfigurationPlatforms) = postSolution
		{D22127AE-DB16-407F-A19E-D91A2D3CA50A}.Debug|Any CPU.ActiveCfg = Debug|Any CPU
		{D22127AE-DB16-407F-A19E-D91A2D3CA50A}.Debug|Any CPU.Build.0 = Debug|Any CPU
		{D22127AE-DB16-407F-A19E-D91A2D3CA50A}.Release|Any CPU.ActiveCfg = Release|Any CPU
		{D22127AE-DB16-407F-A19E-D91A2D3CA50A}.Release|Any CPU.Build.0 = Release|Any CPU
		{7A0DA7A4-FFBF-4A6D-83D3-76F34BF05F2B}.Debug|Any CPU.ActiveCfg = Debug|Any CPU
		{7A0DA7A4-FFBF-4A6D-83D3-76F34BF05F2B}.Debug|Any CPU.Build.0 = Debug|Any CPU
		{7A0DA7A4-FFBF-4A6D-83D3-76F34BF05F2B}.Release|Any CPU.ActiveCfg = Release|Any CPU
		{7A0DA7A4-FFBF-4A6D-83D3-76F34BF05F2B}.Release|Any CPU.Build.0 = Release|Any CPU
		{B9D0981E-1A9E-444B-9D1B-76F4A83E7690}.Debug|Any CPU.ActiveCfg = Debug|Any CPU
		{B9D0981E-1A9E-444B-9D1B-76F4A83E7690}.Debug|Any CPU.Build.0 = Debug|Any CPU
		{B9D0981E-1A9E-444B-9D1B-76F4A83E7690}.Release|Any CPU.ActiveCfg = Release|Any CPU
		{B9D0981E-1A9E-444B-9D1B-76F4A83E7690}.Release|Any CPU.Build.0 = Release|Any CPU
	EndGlobalSection
	GlobalSection(SolutionProperties) = preSolution
		HideSolutionNode = FALSE
	EndGlobalSection
	GlobalSection(ExtensibilityGlobals) = postSolution
		SolutionGuid = {0AABADC4-B730-49AC-8AC2-F322F53F8B19}
	EndGlobalSection
EndGlobal
