
Microsoft Visual Studio Solution File, Format Version 12.00
# Visual Studio Version 17
VisualStudioVersion = 17.8.34330.188
MinimumVisualStudioVersion = 10.0.40219.1
Project("{FAE04EC0-301F-11D3-BF4B-00C04F79EFBC}") = "WindowsFormsApp1", "WindowsFormsApp1\WindowsFormsApp1.csproj", "{3D97C113-F196-4C5C-B11A-222B67910181}"
EndProject
Global
	GlobalSection(SolutionConfigurationPlatforms) = preSolution
		Debug|Any CPU = Debug|Any CPU
		Release|Any CPU = Release|Any CPU
	EndGlobalSection
	GlobalSection(ProjectConfigurationPlatforms) = postSolution
		{3D97C113-F196-4C5C-B11A-222B67910181}.Debug|Any CPU.ActiveCfg = Debug|Any CPU
		{3D97C113-F196-4C5C-B11A-222B67910181}.Debug|Any CPU.Build.0 = Debug|Any CPU
		{3D97C113-F196-4C5C-B11A-222B67910181}.Release|Any CPU.ActiveCfg = Release|Any CPU
		{3D97C113-F196-4C5C-B11A-222B67910181}.Release|Any CPU.Build.0 = Release|Any CPU
	EndGlobalSection
	GlobalSection(SolutionProperties) = preSolution
		HideSolutionNode = FALSE
	EndGlobalSection
	GlobalSection(ExtensibilityGlobals) = postSolution
		SolutionGuid = {ECE00F9A-7088-4DAC-95E1-912C80E55195}
	EndGlobalSection
EndGlobal
